
Microsoft Visual Studio Solution File, Format Version 12.00
# Visual Studio Version 16
VisualStudioVersion = 16.0.29911.84
MinimumVisualStudioVersion = 10.0.40219.1
Project("{FAE04EC0-301F-11D3-BF4B-00C04F79EFBC}") = "Calculator", "Calculator\Calculator.csproj", "{7FD69FF0-449E-4A0B-B1B2-D517C4BBC89A}"
EndProject
Global
	GlobalSection(SolutionConfigurationPlatforms) = preSolution
		Debug|Any CPU = Debug|Any CPU
		Release|Any CPU = Release|Any CPU
	EndGlobalSection
	GlobalSection(ProjectConfigurationPlatforms) = postSolution
		{7FD69FF0-449E-4A0B-B1B2-D517C4BBC89A}.Debug|Any CPU.ActiveCfg = Debug|Any CPU
		{7FD69FF0-449E-4A0B-B1B2-D517C4BBC89A}.Debug|Any CPU.Build.0 = Debug|Any CPU
		{7FD69FF0-449E-4A0B-B1B2-D517C4BBC89A}.Release|Any CPU.ActiveCfg = Release|Any CPU
		{7FD69FF0-449E-4A0B-B1B2-D517C4BBC89A}.Release|Any CPU.Build.0 = Release|Any CPU
	EndGlobalSection
	GlobalSection(SolutionProperties) = preSolution
		HideSolutionNode = FALSE
	EndGlobalSection
	GlobalSection(ExtensibilityGlobals) = postSolution
		SolutionGuid = {AB0D55F7-52DE-45C9-A095-E04EEB0C69E7}
	EndGlobalSection
EndGlobal
